// !$*UTF8*$!
{
	archiveVersion = 1;
	classes = {
	};
	objectVersion = 50;
	objects = {

/* Begin PBXBuildFile section */
		CAB898312393C65E001103FE /* main.cpp in Sources */ = {isa = PBXBuildFile; fileRef = CAB898302393C65E001103FE /* main.cpp */; };
		CAB898382393C694001103FE /* glad.c in Sources */ = {isa = PBXBuildFile; fileRef = CAB898372393C694001103FE /* glad.c */; };
		CAB8983B2393C6A9001103FE /* OpenGL.framework in Frameworks */ = {isa = PBXBuildFile; fileRef = CAB8983A2393C6A9001103FE /* OpenGL.framework */; };
		CAB8983D2393C6FA001103FE /* libGLEW.2.1.0.dylib in Frameworks */ = {isa = PBXBuildFile; fileRef = CAB8983C2393C6FA001103FE /* libGLEW.2.1.0.dylib */; };
		CAB8983F2393C715001103FE /* libglfw.3.3.dylib in Frameworks */ = {isa = PBXBuildFile; fileRef = CAB8983E2393C715001103FE /* libglfw.3.3.dylib */; };
/* End PBXBuildFile section */

/* Begin PBXCopyFilesBuildPhase section */
		CAB8982B2393C65E001103FE /* CopyFiles */ = {
			isa = PBXCopyFilesBuildPhase;
			buildActionMask = 2147483647;
			dstPath = /usr/share/man/man1/;
			dstSubfolderSpec = 0;
			files = (
			);
			runOnlyForDeploymentPostprocessing = 1;
		};
/* End PBXCopyFilesBuildPhase section */

/* Begin PBXFileReference section */
		CA6028CD2393E78B00DF7A46 /* Particle.h */ = {isa = PBXFileReference; lastKnownFileType = sourcecode.c.h; path = Particle.h; sourceTree = "<group>"; };
		CA6028CE2393E96100DF7A46 /* Vector.h */ = {isa = PBXFileReference; lastKnownFileType = sourcecode.c.h; path = Vector.h; sourceTree = "<group>"; };
		CA6028D02394D85300DF7A46 /* Fluid.h */ = {isa = PBXFileReference; lastKnownFileType = sourcecode.c.h; path = Fluid.h; sourceTree = "<group>"; };
		CA7915AF23963A69009A6690 /* FluidVS.glsl */ = {isa = PBXFileReference; lastKnownFileType = text; path = FluidVS.glsl; sourceTree = "<group>"; };
		CA7915B023963A77009A6690 /* FluidFS.glsl */ = {isa = PBXFileReference; lastKnownFileType = text; path = FluidFS.glsl; sourceTree = "<group>"; };
		CA7915B123964785009A6690 /* Display.h */ = {isa = PBXFileReference; lastKnownFileType = sourcecode.c.h; path = Display.h; sourceTree = "<group>"; };
		CA7915B223964DBD009A6690 /* stb_image.h */ = {isa = PBXFileReference; lastKnownFileType = sourcecode.c.h; path = stb_image.h; sourceTree = "<group>"; };
		CA7915B42399C50B009A6690 /* tex1.jpg */ = {isa = PBXFileReference; lastKnownFileType = image.jpeg; path = tex1.jpg; sourceTree = "<group>"; };
		CA7915B5239AB834009A6690 /* Vertex.h */ = {isa = PBXFileReference; lastKnownFileType = sourcecode.c.h; path = Vertex.h; sourceTree = "<group>"; };
		CA7915B7239AB98C009A6690 /* RigidVS.glsl */ = {isa = PBXFileReference; lastKnownFileType = text; path = RigidVS.glsl; sourceTree = "<group>"; };
		CA7915B8239AB999009A6690 /* RigidFS.glsl */ = {isa = PBXFileReference; lastKnownFileType = text; path = RigidFS.glsl; sourceTree = "<group>"; };
		CAB8982D2393C65E001103FE /* FluidSimulation */ = {isa = PBXFileReference; explicitFileType = "compiled.mach-o.executable"; includeInIndex = 0; path = FluidSimulation; sourceTree = BUILT_PRODUCTS_DIR; };
		CAB898302393C65E001103FE /* main.cpp */ = {isa = PBXFileReference; lastKnownFileType = sourcecode.cpp.cpp; path = main.cpp; sourceTree = "<group>"; };
		CAB898372393C694001103FE /* glad.c */ = {isa = PBXFileReference; fileEncoding = 4; lastKnownFileType = sourcecode.c.c; path = glad.c; sourceTree = "<group>"; };
		CAB8983A2393C6A9001103FE /* OpenGL.framework */ = {isa = PBXFileReference; lastKnownFileType = wrapper.framework; name = OpenGL.framework; path = System/Library/Frameworks/OpenGL.framework; sourceTree = SDKROOT; };
		CAB8983C2393C6FA001103FE /* libGLEW.2.1.0.dylib */ = {isa = PBXFileReference; lastKnownFileType = "compiled.mach-o.dylib"; name = libGLEW.2.1.0.dylib; path = ../../../../../usr/local/Cellar/glew/2.1.0/lib/libGLEW.2.1.0.dylib; sourceTree = "<group>"; };
		CAB8983E2393C715001103FE /* libglfw.3.3.dylib */ = {isa = PBXFileReference; lastKnownFileType = "compiled.mach-o.dylib"; name = libglfw.3.3.dylib; path = ../../../../../usr/local/Cellar/glfw/3.3/lib/libglfw.3.3.dylib; sourceTree = "<group>"; };
		CAB898402393C7CF001103FE /* FluidSimulation.entitlements */ = {isa = PBXFileReference; lastKnownFileType = text.plist.entitlements; path = FluidSimulation.entitlements; sourceTree = "<group>"; };
		CAB898442393C9A8001103FE /* Program.h */ = {isa = PBXFileReference; lastKnownFileType = sourcecode.c.h; path = Program.h; sourceTree = "<group>"; };
/* End PBXFileReference section */

/* Begin PBXFrameworksBuildPhase section */
		CAB8982A2393C65E001103FE /* Frameworks */ = {
			isa = PBXFrameworksBuildPhase;
			buildActionMask = 2147483647;
			files = (
				CAB8983F2393C715001103FE /* libglfw.3.3.dylib in Frameworks */,
				CAB8983D2393C6FA001103FE /* libGLEW.2.1.0.dylib in Frameworks */,
				CAB8983B2393C6A9001103FE /* OpenGL.framework in Frameworks */,
			);
			runOnlyForDeploymentPostprocessing = 0;
		};
/* End PBXFrameworksBuildPhase section */

/* Begin PBXGroup section */
		CA7915B32399C3F5009A6690 /* Textures */ = {
			isa = PBXGroup;
			children = (
				CA7915B42399C50B009A6690 /* tex1.jpg */,
			);
			path = Textures;
			sourceTree = "<group>";
		};
		CAB898242393C65E001103FE = {
			isa = PBXGroup;
			children = (
				CAB8982F2393C65E001103FE /* FluidSimulation */,
				CAB8982E2393C65E001103FE /* Products */,
				CAB898392393C6A9001103FE /* Frameworks */,
			);
			sourceTree = "<group>";
		};
		CAB8982E2393C65E001103FE /* Products */ = {
			isa = PBXGroup;
			children = (
				CAB8982D2393C65E001103FE /* FluidSimulation */,
			);
			name = Products;
			sourceTree = "<group>";
		};
		CAB8982F2393C65E001103FE /* FluidSimulation */ = {
			isa = PBXGroup;
			children = (
				CAB898402393C7CF001103FE /* FluidSimulation.entitlements */,
				CAB898302393C65E001103FE /* main.cpp */,
				CAB898372393C694001103FE /* glad.c */,
				CAB898422393C884001103FE /* Headers */,
				CAB898432393C893001103FE /* Shaders */,
				CA7915B32399C3F5009A6690 /* Textures */,
			);
			path = FluidSimulation;
			sourceTree = "<group>";
		};
		CAB898392393C6A9001103FE /* Frameworks */ = {
			isa = PBXGroup;
			children = (
				CAB8983E2393C715001103FE /* libglfw.3.3.dylib */,
				CAB8983C2393C6FA001103FE /* libGLEW.2.1.0.dylib */,
				CAB8983A2393C6A9001103FE /* OpenGL.framework */,
			);
			name = Frameworks;
			sourceTree = "<group>";
		};
		CAB898422393C884001103FE /* Headers */ = {
			isa = PBXGroup;
			children = (
				CA6028CE2393E96100DF7A46 /* Vector.h */,
				CA6028CD2393E78B00DF7A46 /* Particle.h */,
				CA6028D02394D85300DF7A46 /* Fluid.h */,
				CA7915B223964DBD009A6690 /* stb_image.h */,
				CAB898442393C9A8001103FE /* Program.h */,
				CA7915B123964785009A6690 /* Display.h */,
				CA7915B5239AB834009A6690 /* Vertex.h */,
			);
			path = Headers;
			sourceTree = "<group>";
		};
		CAB898432393C893001103FE /* Shaders */ = {
			isa = PBXGroup;
			children = (
				CA7915AF23963A69009A6690 /* FluidVS.glsl */,
				CA7915B023963A77009A6690 /* FluidFS.glsl */,
				CA7915B7239AB98C009A6690 /* RigidVS.glsl */,
				CA7915B8239AB999009A6690 /* RigidFS.glsl */,
			);
			path = Shaders;
			sourceTree = "<group>";
		};
/* End PBXGroup section */

/* Begin PBXNativeTarget section */
		CAB8982C2393C65E001103FE /* FluidSimulation */ = {
			isa = PBXNativeTarget;
			buildConfigurationList = CAB898342393C65E001103FE /* Build configuration list for PBXNativeTarget "FluidSimulation" */;
			buildPhases = (
				CAB898292393C65E001103FE /* Sources */,
				CAB8982A2393C65E001103FE /* Frameworks */,
				CAB8982B2393C65E001103FE /* CopyFiles */,
			);
			buildRules = (
			);
			dependencies = (
			);
			name = FluidSimulation;
			productName = FluidSimulation;
			productReference = CAB8982D2393C65E001103FE /* FluidSimulation */;
			productType = "com.apple.product-type.tool";
		};
/* End PBXNativeTarget section */

/* Begin PBXProject section */
		CAB898252393C65E001103FE /* Project object */ = {
			isa = PBXProject;
			attributes = {
				LastUpgradeCheck = 1120;
				ORGANIZATIONNAME = XMX;
				TargetAttributes = {
					CAB8982C2393C65E001103FE = {
						CreatedOnToolsVersion = 11.2;
					};
				};
			};
			buildConfigurationList = CAB898282393C65E001103FE /* Build configuration list for PBXProject "FluidSimulation" */;
			compatibilityVersion = "Xcode 9.3";
			developmentRegion = en;
			hasScannedForEncodings = 0;
			knownRegions = (
				en,
				Base,
			);
			mainGroup = CAB898242393C65E001103FE;
			productRefGroup = CAB8982E2393C65E001103FE /* Products */;
			projectDirPath = "";
			projectRoot = "";
			targets = (
				CAB8982C2393C65E001103FE /* FluidSimulation */,
			);
		};
/* End PBXProject section */

/* Begin PBXSourcesBuildPhase section */
		CAB898292393C65E001103FE /* Sources */ = {
			isa = PBXSourcesBuildPhase;
			buildActionMask = 2147483647;
			files = (
				CAB898312393C65E001103FE /* main.cpp in Sources */,
				CAB898382393C694001103FE /* glad.c in Sources */,
			);
			runOnlyForDeploymentPostprocessing = 0;
		};
/* End PBXSourcesBuildPhase section */

/* Begin XCBuildConfiguration section */
		CAB898322393C65E001103FE /* Debug */ = {
			isa = XCBuildConfiguration;
			buildSettings = {
				ALWAYS_SEARCH_USER_PATHS = NO;
				CLANG_ANALYZER_NONNULL = YES;
				CLANG_ANALYZER_NUMBER_OBJECT_CONVERSION = YES_AGGRESSIVE;
				CLANG_CXX_LANGUAGE_STANDARD = "gnu++14";
				CLANG_CXX_LIBRARY = "libc++";
				CLANG_ENABLE_MODULES = YES;
				CLANG_ENABLE_OBJC_ARC = YES;
				CLANG_ENABLE_OBJC_WEAK = YES;
				CLANG_WARN_BLOCK_CAPTURE_AUTORELEASING = YES;
				CLANG_WARN_BOOL_CONVERSION = YES;
				CLANG_WARN_COMMA = YES;
				CLANG_WARN_CONSTANT_CONVERSION = YES;
				CLANG_WARN_DEPRECATED_OBJC_IMPLEMENTATIONS = YES;
				CLANG_WARN_DIRECT_OBJC_ISA_USAGE = YES_ERROR;
				CLANG_WARN_DOCUMENTATION_COMMENTS = YES;
				CLANG_WARN_EMPTY_BODY = YES;
				CLANG_WARN_ENUM_CONVERSION = YES;
				CLANG_WARN_INFINITE_RECURSION = YES;
				CLANG_WARN_INT_CONVERSION = YES;
				CLANG_WARN_NON_LITERAL_NULL_CONVERSION = YES;
				CLANG_WARN_OBJC_IMPLICIT_RETAIN_SELF = YES;
				CLANG_WARN_OBJC_LITERAL_CONVERSION = YES;
				CLANG_WARN_OBJC_ROOT_CLASS = YES_ERROR;
				CLANG_WARN_RANGE_LOOP_ANALYSIS = YES;
				CLANG_WARN_STRICT_PROTOTYPES = YES;
				CLANG_WARN_SUSPICIOUS_MOVE = YES;
				CLANG_WARN_UNGUARDED_AVAILABILITY = YES_AGGRESSIVE;
				CLANG_WARN_UNREACHABLE_CODE = YES;
				CLANG_WARN__DUPLICATE_METHOD_MATCH = YES;
				COPY_PHASE_STRIP = NO;
				DEBUG_INFORMATION_FORMAT = dwarf;
				ENABLE_STRICT_OBJC_MSGSEND = YES;
				ENABLE_TESTABILITY = YES;
				GCC_C_LANGUAGE_STANDARD = gnu11;
				GCC_DYNAMIC_NO_PIC = NO;
				GCC_NO_COMMON_BLOCKS = YES;
				GCC_OPTIMIZATION_LEVEL = 0;
				GCC_PREPROCESSOR_DEFINITIONS = (
					"DEBUG=1",
					"$(inherited)",
				);
				GCC_WARN_64_TO_32_BIT_CONVERSION = YES;
				GCC_WARN_ABOUT_RETURN_TYPE = YES_ERROR;
				GCC_WARN_UNDECLARED_SELECTOR = YES;
				GCC_WARN_UNINITIALIZED_AUTOS = YES_AGGRESSIVE;
				GCC_WARN_UNUSED_FUNCTION = YES;
				GCC_WARN_UNUSED_VARIABLE = YES;
				MACOSX_DEPLOYMENT_TARGET = 10.15;
				MTL_ENABLE_DEBUG_INFO = INCLUDE_SOURCE;
				MTL_FAST_MATH = YES;
				ONLY_ACTIVE_ARCH = YES;
				SDKROOT = macosx;
			};
			name = Debug;
		};
		CAB898332393C65E001103FE /* Release */ = {
			isa = XCBuildConfiguration;
			buildSettings = {
				ALWAYS_SEARCH_USER_PATHS = NO;
				CLANG_ANALYZER_NONNULL = YES;
				CLANG_ANALYZER_NUMBER_OBJECT_CONVERSION = YES_AGGRESSIVE;
				CLANG_CXX_LANGUAGE_STANDARD = "gnu++14";
				CLANG_CXX_LIBRARY = "libc++";
				CLANG_ENABLE_MODULES = YES;
				CLANG_ENABLE_OBJC_ARC = YES;
				CLANG_ENABLE_OBJC_WEAK = YES;
				CLANG_WARN_BLOCK_CAPTURE_AUTORELEASING = YES;
				CLANG_WARN_BOOL_CONVERSION = YES;
				CLANG_WARN_COMMA = YES;
				CLANG_WARN_CONSTANT_CONVERSION = YES;
				CLANG_WARN_DEPRECATED_OBJC_IMPLEMENTATIONS = YES;
				CLANG_WARN_DIRECT_OBJC_ISA_USAGE = YES_ERROR;
				CLANG_WARN_DOCUMENTATION_COMMENTS = YES;
				CLANG_WARN_EMPTY_BODY = YES;
				CLANG_WARN_ENUM_CONVERSION = YES;
				CLANG_WARN_INFINITE_RECURSION = YES;
				CLANG_WARN_INT_CONVERSION = YES;
				CLANG_WARN_NON_LITERAL_NULL_CONVERSION = YES;
				CLANG_WARN_OBJC_IMPLICIT_RETAIN_SELF = YES;
				CLANG_WARN_OBJC_LITERAL_CONVERSION = YES;
				CLANG_WARN_OBJC_ROOT_CLASS = YES_ERROR;
				CLANG_WARN_RANGE_LOOP_ANALYSIS = YES;
				CLANG_WARN_STRICT_PROTOTYPES = YES;
				CLANG_WARN_SUSPICIOUS_MOVE = YES;
				CLANG_WARN_UNGUARDED_AVAILABILITY = YES_AGGRESSIVE;
				CLANG_WARN_UNREACHABLE_CODE = YES;
				CLANG_WARN__DUPLICATE_METHOD_MATCH = YES;
				COPY_PHASE_STRIP = NO;
				DEBUG_INFORMATION_FORMAT = "dwarf-with-dsym";
				ENABLE_NS_ASSERTIONS = NO;
				ENABLE_STRICT_OBJC_MSGSEND = YES;
				GCC_C_LANGUAGE_STANDARD = gnu11;
				GCC_NO_COMMON_BLOCKS = YES;
				GCC_WARN_64_TO_32_BIT_CONVERSION = YES;
				GCC_WARN_ABOUT_RETURN_TYPE = YES_ERROR;
				GCC_WARN_UNDECLARED_SELECTOR = YES;
				GCC_WARN_UNINITIALIZED_AUTOS = YES_AGGRESSIVE;
				GCC_WARN_UNUSED_FUNCTION = YES;
				GCC_WARN_UNUSED_VARIABLE = YES;
				MACOSX_DEPLOYMENT_TARGET = 10.15;
				MTL_ENABLE_DEBUG_INFO = NO;
				MTL_FAST_MATH = YES;
				SDKROOT = macosx;
			};
			name = Release;
		};
		CAB898352393C65E001103FE /* Debug */ = {
			isa = XCBuildConfiguration;
			buildSettings = {
				CLANG_WARN_DOCUMENTATION_COMMENTS = NO;
				CODE_SIGN_ENTITLEMENTS = FluidSimulation/FluidSimulation.entitlements;
				CODE_SIGN_STYLE = Automatic;
				DEVELOPMENT_TEAM = V8ZSGRZD89;
				ENABLE_HARDENED_RUNTIME = YES;
				HEADER_SEARCH_PATHS = (
					"$(gltools_header)",
					"$(glfw_header)",
					"$(glew_header)",
				);
				LIBRARY_SEARCH_PATHS = (
					"$(inherited)",
					/usr/local/Cellar/glew/2.1.0/lib,
					/usr/local/Cellar/glfw/3.3/lib,
					"$(gltools_lib)",
					"$(glfw_lib)",
					"$(glew_lib)",
				);
				PRODUCT_NAME = "$(TARGET_NAME)";
			};
			name = Debug;
		};
		CAB898362393C65E001103FE /* Release */ = {
			isa = XCBuildConfiguration;
			buildSettings = {
				CLANG_WARN_DOCUMENTATION_COMMENTS = NO;
				CODE_SIGN_ENTITLEMENTS = FluidSimulation/FluidSimulation.entitlements;
				CODE_SIGN_STYLE = Automatic;
				DEVELOPMENT_TEAM = V8ZSGRZD89;
				ENABLE_HARDENED_RUNTIME = YES;
				HEADER_SEARCH_PATHS = (
					"$(gltools_header)",
					"$(glfw_header)",
					"$(glew_header)",
				);
				LIBRARY_SEARCH_PATHS = (
					"$(inherited)",
					/usr/local/Cellar/glew/2.1.0/lib,
					/usr/local/Cellar/glfw/3.3/lib,
					"$(gltools_lib)",
					"$(glfw_lib)",
					"$(glew_lib)",
				);
				PRODUCT_NAME = "$(TARGET_NAME)";
			};
			name = Release;
		};
/* End XCBuildConfiguration section */

/* Begin XCConfigurationList section */
		CAB898282393C65E001103FE /* Build configuration list for PBXProject "FluidSimulation" */ = {
			isa = XCConfigurationList;
			buildConfigurations = (
				CAB898322393C65E001103FE /* Debug */,
				CAB898332393C65E001103FE /* Release */,
			);
			defaultConfigurationIsVisible = 0;
			defaultConfigurationName = Release;
		};
		CAB898342393C65E001103FE /* Build configuration list for PBXNativeTarget "FluidSimulation" */ = {
			isa = XCConfigurationList;
			buildConfigurations = (
				CAB898352393C65E001103FE /* Debug */,
				CAB898362393C65E001103FE /* Release */,
			);
			defaultConfigurationIsVisible = 0;
			defaultConfigurationName = Release;
		};
/* End XCConfigurationList section */
	};
	rootObject = CAB898252393C65E001103FE /* Project object */;
}
